{
  "name": "check-palindrome-123",
  "version": "1.0.3",
  "lockfileVersion": 3,
  "requires": true,
  "packages": {
    "": {
      "name": "check-palindrome-123",
      "version": "1.0.3",
      "license": "ISC",
      "dependencies": {
        "check-palindrome-123": "^1.0.3"
      }
    },
    "node_modules/check-palindrome-123": {
      "version": "1.0.3",
      "resolved": "https://registry.npmjs.org/check-palindrome-123/-/check-palindrome-123-1.0.3.tgz",
      "integrity": "sha512-F0uT52QWU+atFiQGBf7jVB8Ns7KjmvqrpJwIY1mmit3li3pFWlnIbthi2zbVAFzafj0B4ADackQVW0hmELTNPQ==",
      "dependencies": {
        "check-palindrome-123": "^1.0.2"
      }
    }
  }
}
